
Microsoft Visual Studio Solution File, Format Version 12.00
# Visual Studio Version 17
VisualStudioVersion = 17.6.33723.286
MinimumVisualStudioVersion = 10.0.40219.1
Project("{FAE04EC0-301F-11D3-BF4B-00C04F79EFBC}") = "Home5", "Home5\Home5.csproj", "{CC3B9800-7FD9-438B-AD87-20C0DC8BE4E6}"
EndProject
Project("{FAE04EC0-301F-11D3-BF4B-00C04F79EFBC}") = "TicTacPlayer", "TicTacPlayer\TicTacPlayer.csproj", "{5626B345-A09D-4BE9-9505-F76E71F8D98A}"
EndProject
Project("{FAE04EC0-301F-11D3-BF4B-00C04F79EFBC}") = "TextToMorze", "TextToMorze\TextToMorze.csproj", "{D8D39EE3-0AD3-42BC-A618-996D3DB2261C}"
EndProject
Global
	GlobalSection(SolutionConfigurationPlatforms) = preSolution
		Debug|Any CPU = Debug|Any CPU
		Release|Any CPU = Release|Any CPU
	EndGlobalSection
	GlobalSection(ProjectConfigurationPlatforms) = postSolution
		{CC3B9800-7FD9-438B-AD87-20C0DC8BE4E6}.Debug|Any CPU.ActiveCfg = Debug|Any CPU
		{CC3B9800-7FD9-438B-AD87-20C0DC8BE4E6}.Debug|Any CPU.Build.0 = Debug|Any CPU
		{CC3B9800-7FD9-438B-AD87-20C0DC8BE4E6}.Release|Any CPU.ActiveCfg = Release|Any CPU
		{CC3B9800-7FD9-438B-AD87-20C0DC8BE4E6}.Release|Any CPU.Build.0 = Release|Any CPU
		{5626B345-A09D-4BE9-9505-F76E71F8D98A}.Debug|Any CPU.ActiveCfg = Debug|Any CPU
		{5626B345-A09D-4BE9-9505-F76E71F8D98A}.Debug|Any CPU.Build.0 = Debug|Any CPU
		{5626B345-A09D-4BE9-9505-F76E71F8D98A}.Release|Any CPU.ActiveCfg = Release|Any CPU
		{5626B345-A09D-4BE9-9505-F76E71F8D98A}.Release|Any CPU.Build.0 = Release|Any CPU
		{D8D39EE3-0AD3-42BC-A618-996D3DB2261C}.Debug|Any CPU.ActiveCfg = Debug|Any CPU
		{D8D39EE3-0AD3-42BC-A618-996D3DB2261C}.Debug|Any CPU.Build.0 = Debug|Any CPU
		{D8D39EE3-0AD3-42BC-A618-996D3DB2261C}.Release|Any CPU.ActiveCfg = Release|Any CPU
		{D8D39EE3-0AD3-42BC-A618-996D3DB2261C}.Release|Any CPU.Build.0 = Release|Any CPU
	EndGlobalSection
	GlobalSection(SolutionProperties) = preSolution
		HideSolutionNode = FALSE
	EndGlobalSection
	GlobalSection(ExtensibilityGlobals) = postSolution
		SolutionGuid = {C93E686E-ADC5-4CF7-A741-E364BB43831E}
	EndGlobalSection
EndGlobal
